# This file is autogenerated, do not edit; changes may be undone by the next 'dep ensure'.


[[projects]]
  digest = "1:90149e2f8931e6f8b4e929da1bc8bc74fb652021f2faa2d73a15f24cce337a02"
  name = "github.com/ajeddeloh/go-json"
  packages = ["."]
  pruneopts = "UT"
  revision = "73d058cf8437a1989030afe571eeab9f90eebbbd"

[[projects]]
  branch = "v2"
  digest = "1:b6907e1fb6536a3cf44d01b337af8aefa9edca237d9ffeb0658c7faf1865a3a7"
  name = "github.com/ajeddeloh/yaml"
  packages = ["."]
  pruneopts = "UT"
  revision = "6b94386aeefd8c4b8470aee72bfca084c2f91da9"

[[projects]]
  digest = "1:c198fdc381e898e8fb62b8eb62758195091c313ad18e52a3067366e1dda2fb3c"
  name = "github.com/alecthomas/units"
  packages = ["."]
  pruneopts = "UT"
  revision = "6b4e7dc5e3143b85ea77909c72caf89416fc2915"

[[projects]]
  digest = "1:beedaa1ce9cb1ddb4dc511a68d9d128773e6ada0a1bd8b9bc4b7d7026617b535"
  name = "github.com/coreos/container-linux-config-transpiler"
  packages = [
    "config",
    "config/astyaml",
    "config/platform",
    "config/templating",
    "config/types",
    "config/types/util",
    "internal/util",
  ]
  pruneopts = "UT"
  revision = "e2f6c9440215117e896cd70a0d489dc070080d37"
  version = "v0.9.0"

[[projects]]
  digest = "1:322243a3d563bb172ac0216e00043c0bdb17d7378d0b7c77bd83de7e7d9a98d3"
  name = "github.com/coreos/go-semver"
  packages = ["semver"]
  pruneopts = "UT"
  revision = "5e3acbb5668c4c3deb4842615c4098eb61fb6b1e"

[[projects]]
  digest = "1:fc8dac286d0071a9b7baccef9d02b96c8401c362446304ca686552d2c7979ffb"
  name = "github.com/coreos/go-systemd"
  packages = ["unit"]
  pruneopts = "UT"
  revision = "40e2722dffead74698ca12a750f64ef313ddce05"
  version = "v16"

[[projects]]
  digest = "1:c8b03405ccbaaeaf8251f9090de45338faa24e639d392c72dd6c368be376f9ee"
  name = "github.com/coreos/ignition"
  packages = [
    "config/shared/errors",
    "config/shared/validations",
    "config/v2_2/types",
    "config/validate",
    "config/validate/astjson",
    "config/validate/astnode",
    "config/validate/report",
  ]
  pruneopts = "UT"
  revision = "8bc8a13ee812ce0755be0245808c3044a7ef0add"
  version = "v0.24.0"

[[projects]]
  digest = "1:870d441fe217b8e689d7949fef6e43efbc787e50f200cb1e70dbca9204a1d6be"
  name = "github.com/inconshreveable/mousetrap"
  packages = ["."]
  pruneopts = "UT"
  revision = "76626ae9c91c4f2a10f34cad8ce83ea42c93bb75"
  version = "v1.0"

[[projects]]
  digest = "1:645cabccbb4fa8aab25a956cbcbdf6a6845ca736b2c64e197ca7cbb9d210b939"
  name = "github.com/spf13/cobra"
  packages = ["."]
  pruneopts = "UT"
  revision = "ef82de70bb3f60c65fb8eebacbb2d122ef517385"
  version = "v0.0.3"

[[projects]]
  digest = "1:c1b1102241e7f645bc8e0c22ae352e8f0dc6484b6cb4d132fa9f24174e0119e2"
  name = "github.com/spf13/pflag"
  packages = ["."]
  pruneopts = "UT"
  revision = "298182f68c66c05229eb03ac171abe6e309ee79a"
  version = "v1.0.3"

[[projects]]
  branch = "master"
  digest = "1:00e4c919ffc9367cb70a6f159d45ea48404f1fa99358c446f35283c07c7ebc0e"
  name = "github.com/vincent-petithory/dataurl"
  packages = ["."]
  pruneopts = "UT"
  revision = "9a301d65acbb728fcc3ace14f45f511a4cfeea9c"

[[projects]]
  digest = "1:91ed6116b126ec7fa7b9f9460356ee6b3005e5ed320b8e85510937f44d3d62d5"
  name = "go4.org"
  packages = ["errorutil"]
  pruneopts = "UT"
  revision = "03efcb870d84809319ea509714dd6d19a1498483"

[solve-meta]
  analyzer-name = "dep"
  analyzer-version = 1
  input-imports = [
    "github.com/coreos/container-linux-config-transpiler/config",
    "github.com/coreos/ignition/config/v2_2/types",
    "github.com/spf13/cobra",
    "github.com/vincent-petithory/dataurl",
  ]
  solver-name = "gps-cdcl"
  solver-version = 1
